
Microsoft Visual Studio Solution File, Format Version 12.00
# Visual Studio 15
VisualStudioVersion = 15.0.26403.7
MinimumVisualStudioVersion = 10.0.40219.1
Project("{FAE04EC0-301F-11D3-BF4B-00C04F79EFBC}") = "UP_Xamarin_API", "UP_Xamarin_API\UP_Xamarin_API.csproj", "{B55C69EC-93E3-4A52-AAC8-E5B3D7EE0EAA}"
EndProject
Project("{FAE04EC0-301F-11D3-BF4B-00C04F79EFBC}") = "UP_Xamarin.Android", "UP_Xamarin\UP_Xamarin.Android\UP_Xamarin.Android.csproj", "{AB5DD7BA-C77F-4444-98D3-613F4D69AE88}"
EndProject
Project("{FAE04EC0-301F-11D3-BF4B-00C04F79EFBC}") = "UP_Xamarin", "UP_Xamarin\UP_Xamarin\UP_Xamarin.csproj", "{4E400A7C-DC63-46A0-84BB-0649C0CF4480}"
EndProject
Project("{FAE04EC0-301F-11D3-BF4B-00C04F79EFBC}") = "UP_Xamarin.iOS", "UP_Xamarin\UP_Xamarin.iOS\UP_Xamarin.iOS.csproj", "{06F5E6E2-4894-4F55-A1A3-F710E5831C9B}"
EndProject
Global
	GlobalSection(SolutionConfigurationPlatforms) = preSolution
		Ad-Hoc|Any CPU = Ad-Hoc|Any CPU
		Ad-Hoc|iPhone = Ad-Hoc|iPhone
		Ad-Hoc|iPhoneSimulator = Ad-Hoc|iPhoneSimulator
		AppStore|Any CPU = AppStore|Any CPU
		AppStore|iPhone = AppStore|iPhone
		AppStore|iPhoneSimulator = AppStore|iPhoneSimulator
		Debug|Any CPU = Debug|Any CPU
		Debug|iPhone = Debug|iPhone
		Debug|iPhoneSimulator = Debug|iPhoneSimulator
		Release|Any CPU = Release|Any CPU
		Release|iPhone = Release|iPhone
		Release|iPhoneSimulator = Release|iPhoneSimulator
	EndGlobalSection
	GlobalSection(ProjectConfigurationPlatforms) = postSolution
		{B55C69EC-93E3-4A52-AAC8-E5B3D7EE0EAA}.Ad-Hoc|Any CPU.ActiveCfg = Release|Any CPU
		{B55C69EC-93E3-4A52-AAC8-E5B3D7EE0EAA}.Ad-Hoc|Any CPU.Build.0 = Release|Any CPU
		{B55C69EC-93E3-4A52-AAC8-E5B3D7EE0EAA}.Ad-Hoc|iPhone.ActiveCfg = Release|Any CPU
		{B55C69EC-93E3-4A52-AAC8-E5B3D7EE0EAA}.Ad-Hoc|iPhone.Build.0 = Release|Any CPU
		{B55C69EC-93E3-4A52-AAC8-E5B3D7EE0EAA}.Ad-Hoc|iPhoneSimulator.ActiveCfg = Release|Any CPU
		{B55C69EC-93E3-4A52-AAC8-E5B3D7EE0EAA}.Ad-Hoc|iPhoneSimulator.Build.0 = Release|Any CPU
		{B55C69EC-93E3-4A52-AAC8-E5B3D7EE0EAA}.AppStore|Any CPU.ActiveCfg = Release|Any CPU
		{B55C69EC-93E3-4A52-AAC8-E5B3D7EE0EAA}.AppStore|Any CPU.Build.0 = Release|Any CPU
		{B55C69EC-93E3-4A52-AAC8-E5B3D7EE0EAA}.AppStore|iPhone.ActiveCfg = Release|Any CPU
		{B55C69EC-93E3-4A52-AAC8-E5B3D7EE0EAA}.AppStore|iPhone.Build.0 = Release|Any CPU
		{B55C69EC-93E3-4A52-AAC8-E5B3D7EE0EAA}.AppStore|iPhoneSimulator.ActiveCfg = Release|Any CPU
		{B55C69EC-93E3-4A52-AAC8-E5B3D7EE0EAA}.AppStore|iPhoneSimulator.Build.0 = Release|Any CPU
		{B55C69EC-93E3-4A52-AAC8-E5B3D7EE0EAA}.Debug|Any CPU.ActiveCfg = Debug|Any CPU
		{B55C69EC-93E3-4A52-AAC8-E5B3D7EE0EAA}.Debug|Any CPU.Build.0 = Debug|Any CPU
		{B55C69EC-93E3-4A52-AAC8-E5B3D7EE0EAA}.Debug|iPhone.ActiveCfg = Debug|Any CPU
		{B55C69EC-93E3-4A52-AAC8-E5B3D7EE0EAA}.Debug|iPhone.Build.0 = Debug|Any CPU
		{B55C69EC-93E3-4A52-AAC8-E5B3D7EE0EAA}.Debug|iPhoneSimulator.ActiveCfg = Debug|Any CPU
		{B55C69EC-93E3-4A52-AAC8-E5B3D7EE0EAA}.Debug|iPhoneSimulator.Build.0 = Debug|Any CPU
		{B55C69EC-93E3-4A52-AAC8-E5B3D7EE0EAA}.Release|Any CPU.ActiveCfg = Release|Any CPU
		{B55C69EC-93E3-4A52-AAC8-E5B3D7EE0EAA}.Release|Any CPU.Build.0 = Release|Any CPU
		{B55C69EC-93E3-4A52-AAC8-E5B3D7EE0EAA}.Release|iPhone.ActiveCfg = Release|Any CPU
		{B55C69EC-93E3-4A52-AAC8-E5B3D7EE0EAA}.Release|iPhone.Build.0 = Release|Any CPU
		{B55C69EC-93E3-4A52-AAC8-E5B3D7EE0EAA}.Release|iPhoneSimulator.ActiveCfg = Release|Any CPU
		{B55C69EC-93E3-4A52-AAC8-E5B3D7EE0EAA}.Release|iPhoneSimulator.Build.0 = Release|Any CPU
		{AB5DD7BA-C77F-4444-98D3-613F4D69AE88}.Ad-Hoc|Any CPU.ActiveCfg = Release|Any CPU
		{AB5DD7BA-C77F-4444-98D3-613F4D69AE88}.Ad-Hoc|Any CPU.Build.0 = Release|Any CPU
		{AB5DD7BA-C77F-4444-98D3-613F4D69AE88}.Ad-Hoc|Any CPU.Deploy.0 = Release|Any CPU
		{AB5DD7BA-C77F-4444-98D3-613F4D69AE88}.Ad-Hoc|iPhone.ActiveCfg = Release|Any CPU
		{AB5DD7BA-C77F-4444-98D3-613F4D69AE88}.Ad-Hoc|iPhone.Build.0 = Release|Any CPU
		{AB5DD7BA-C77F-4444-98D3-613F4D69AE88}.Ad-Hoc|iPhone.Deploy.0 = Release|Any CPU
		{AB5DD7BA-C77F-4444-98D3-613F4D69AE88}.Ad-Hoc|iPhoneSimulator.ActiveCfg = Release|Any CPU
		{AB5DD7BA-C77F-4444-98D3-613F4D69AE88}.Ad-Hoc|iPhoneSimulator.Build.0 = Release|Any CPU
		{AB5DD7BA-C77F-4444-98D3-613F4D69AE88}.Ad-Hoc|iPhoneSimulator.Deploy.0 = Release|Any CPU
		{AB5DD7BA-C77F-4444-98D3-613F4D69AE88}.AppStore|Any CPU.ActiveCfg = Release|Any CPU
		{AB5DD7BA-C77F-4444-98D3-613F4D69AE88}.AppStore|Any CPU.Build.0 = Release|Any CPU
		{AB5DD7BA-C77F-4444-98D3-613F4D69AE88}.AppStore|Any CPU.Deploy.0 = Release|Any CPU
		{AB5DD7BA-C77F-4444-98D3-613F4D69AE88}.AppStore|iPhone.ActiveCfg = Release|Any CPU
		{AB5DD7BA-C77F-4444-98D3-613F4D69AE88}.AppStore|iPhone.Build.0 = Release|Any CPU
		{AB5DD7BA-C77F-4444-98D3-613F4D69AE88}.AppStore|iPhone.Deploy.0 = Release|Any CPU
		{AB5DD7BA-C77F-4444-98D3-613F4D69AE88}.AppStore|iPhoneSimulator.ActiveCfg = Release|Any CPU
		{AB5DD7BA-C77F-4444-98D3-613F4D69AE88}.AppStore|iPhoneSimulator.Build.0 = Release|Any CPU
		{AB5DD7BA-C77F-4444-98D3-613F4D69AE88}.AppStore|iPhoneSimulator.Deploy.0 = Release|Any CPU
		{AB5DD7BA-C77F-4444-98D3-613F4D69AE88}.Debug|Any CPU.ActiveCfg = Debug|Any CPU
		{AB5DD7BA-C77F-4444-98D3-613F4D69AE88}.Debug|Any CPU.Build.0 = Debug|Any CPU
		{AB5DD7BA-C77F-4444-98D3-613F4D69AE88}.Debug|Any CPU.Deploy.0 = Debug|Any CPU
		{AB5DD7BA-C77F-4444-98D3-613F4D69AE88}.Debug|iPhone.ActiveCfg = Debug|Any CPU
		{AB5DD7BA-C77F-4444-98D3-613F4D69AE88}.Debug|iPhone.Build.0 = Debug|Any CPU
		{AB5DD7BA-C77F-4444-98D3-613F4D69AE88}.Debug|iPhone.Deploy.0 = Debug|Any CPU
		{AB5DD7BA-C77F-4444-98D3-613F4D69AE88}.Debug|iPhoneSimulator.ActiveCfg = Debug|Any CPU
		{AB5DD7BA-C77F-4444-98D3-613F4D69AE88}.Debug|iPhoneSimulator.Build.0 = Debug|Any CPU
		{AB5DD7BA-C77F-4444-98D3-613F4D69AE88}.Debug|iPhoneSimulator.Deploy.0 = Debug|Any CPU
		{AB5DD7BA-C77F-4444-98D3-613F4D69AE88}.Release|Any CPU.ActiveCfg = Release|Any CPU
		{AB5DD7BA-C77F-4444-98D3-613F4D69AE88}.Release|Any CPU.Build.0 = Release|Any CPU
		{AB5DD7BA-C77F-4444-98D3-613F4D69AE88}.Release|Any CPU.Deploy.0 = Release|Any CPU
		{AB5DD7BA-C77F-4444-98D3-613F4D69AE88}.Release|iPhone.ActiveCfg = Release|Any CPU
		{AB5DD7BA-C77F-4444-98D3-613F4D69AE88}.Release|iPhone.Build.0 = Release|Any CPU
		{AB5DD7BA-C77F-4444-98D3-613F4D69AE88}.Release|iPhone.Deploy.0 = Release|Any CPU
		{AB5DD7BA-C77F-4444-98D3-613F4D69AE88}.Release|iPhoneSimulator.ActiveCfg = Release|Any CPU
		{AB5DD7BA-C77F-4444-98D3-613F4D69AE88}.Release|iPhoneSimulator.Build.0 = Release|Any CPU
		{AB5DD7BA-C77F-4444-98D3-613F4D69AE88}.Release|iPhoneSimulator.Deploy.0 = Release|Any CPU
		{4E400A7C-DC63-46A0-84BB-0649C0CF4480}.Ad-Hoc|Any CPU.ActiveCfg = Release|Any CPU
		{4E400A7C-DC63-46A0-84BB-0649C0CF4480}.Ad-Hoc|Any CPU.Build.0 = Release|Any CPU
		{4E400A7C-DC63-46A0-84BB-0649C0CF4480}.Ad-Hoc|iPhone.ActiveCfg = Release|Any CPU
		{4E400A7C-DC63-46A0-84BB-0649C0CF4480}.Ad-Hoc|iPhone.Build.0 = Release|Any CPU
		{4E400A7C-DC63-46A0-84BB-0649C0CF4480}.Ad-Hoc|iPhoneSimulator.ActiveCfg = Release|Any CPU
		{4E400A7C-DC63-46A0-84BB-0649C0CF4480}.Ad-Hoc|iPhoneSimulator.Build.0 = Release|Any CPU
		{4E400A7C-DC63-46A0-84BB-0649C0CF4480}.AppStore|Any CPU.ActiveCfg = Release|Any CPU
		{4E400A7C-DC63-46A0-84BB-0649C0CF4480}.AppStore|Any CPU.Build.0 = Release|Any CPU
		{4E400A7C-DC63-46A0-84BB-0649C0CF4480}.AppStore|iPhone.ActiveCfg = Release|Any CPU
		{4E400A7C-DC63-46A0-84BB-0649C0CF4480}.AppStore|iPhone.Build.0 = Release|Any CPU
		{4E400A7C-DC63-46A0-84BB-0649C0CF4480}.AppStore|iPhoneSimulator.ActiveCfg = Release|Any CPU
		{4E400A7C-DC63-46A0-84BB-0649C0CF4480}.AppStore|iPhoneSimulator.Build.0 = Release|Any CPU
		{4E400A7C-DC63-46A0-84BB-0649C0CF4480}.Debug|Any CPU.ActiveCfg = Debug|Any CPU
		{4E400A7C-DC63-46A0-84BB-0649C0CF4480}.Debug|Any CPU.Build.0 = Debug|Any CPU
		{4E400A7C-DC63-46A0-84BB-0649C0CF4480}.Debug|iPhone.ActiveCfg = Debug|Any CPU
		{4E400A7C-DC63-46A0-84BB-0649C0CF4480}.Debug|iPhone.Build.0 = Debug|Any CPU
		{4E400A7C-DC63-46A0-84BB-0649C0CF4480}.Debug|iPhoneSimulator.ActiveCfg = Debug|Any CPU
		{4E400A7C-DC63-46A0-84BB-0649C0CF4480}.Debug|iPhoneSimulator.Build.0 = Debug|Any CPU
		{4E400A7C-DC63-46A0-84BB-0649C0CF4480}.Release|Any CPU.ActiveCfg = Release|Any CPU
		{4E400A7C-DC63-46A0-84BB-0649C0CF4480}.Release|Any CPU.Build.0 = Release|Any CPU
		{4E400A7C-DC63-46A0-84BB-0649C0CF4480}.Release|iPhone.ActiveCfg = Release|Any CPU
		{4E400A7C-DC63-46A0-84BB-0649C0CF4480}.Release|iPhone.Build.0 = Release|Any CPU
		{4E400A7C-DC63-46A0-84BB-0649C0CF4480}.Release|iPhoneSimulator.ActiveCfg = Release|Any CPU
		{4E400A7C-DC63-46A0-84BB-0649C0CF4480}.Release|iPhoneSimulator.Build.0 = Release|Any CPU
		{06F5E6E2-4894-4F55-A1A3-F710E5831C9B}.Ad-Hoc|Any CPU.ActiveCfg = Ad-Hoc|iPhone
		{06F5E6E2-4894-4F55-A1A3-F710E5831C9B}.Ad-Hoc|iPhone.ActiveCfg = Ad-Hoc|iPhone
		{06F5E6E2-4894-4F55-A1A3-F710E5831C9B}.Ad-Hoc|iPhone.Build.0 = Ad-Hoc|iPhone
		{06F5E6E2-4894-4F55-A1A3-F710E5831C9B}.Ad-Hoc|iPhoneSimulator.ActiveCfg = Ad-Hoc|iPhoneSimulator
		{06F5E6E2-4894-4F55-A1A3-F710E5831C9B}.Ad-Hoc|iPhoneSimulator.Build.0 = Ad-Hoc|iPhoneSimulator
		{06F5E6E2-4894-4F55-A1A3-F710E5831C9B}.AppStore|Any CPU.ActiveCfg = AppStore|iPhone
		{06F5E6E2-4894-4F55-A1A3-F710E5831C9B}.AppStore|iPhone.ActiveCfg = AppStore|iPhone
		{06F5E6E2-4894-4F55-A1A3-F710E5831C9B}.AppStore|iPhone.Build.0 = AppStore|iPhone
		{06F5E6E2-4894-4F55-A1A3-F710E5831C9B}.AppStore|iPhoneSimulator.ActiveCfg = AppStore|iPhoneSimulator
		{06F5E6E2-4894-4F55-A1A3-F710E5831C9B}.AppStore|iPhoneSimulator.Build.0 = AppStore|iPhoneSimulator
		{06F5E6E2-4894-4F55-A1A3-F710E5831C9B}.Debug|Any CPU.ActiveCfg = Debug|iPhone
		{06F5E6E2-4894-4F55-A1A3-F710E5831C9B}.Debug|iPhone.ActiveCfg = Debug|iPhone
		{06F5E6E2-4894-4F55-A1A3-F710E5831C9B}.Debug|iPhone.Build.0 = Debug|iPhone
		{06F5E6E2-4894-4F55-A1A3-F710E5831C9B}.Debug|iPhoneSimulator.ActiveCfg = Debug|iPhoneSimulator
		{06F5E6E2-4894-4F55-A1A3-F710E5831C9B}.Debug|iPhoneSimulator.Build.0 = Debug|iPhoneSimulator
		{06F5E6E2-4894-4F55-A1A3-F710E5831C9B}.Release|Any CPU.ActiveCfg = Release|iPhone
		{06F5E6E2-4894-4F55-A1A3-F710E5831C9B}.Release|iPhone.ActiveCfg = Release|iPhone
		{06F5E6E2-4894-4F55-A1A3-F710E5831C9B}.Release|iPhone.Build.0 = Release|iPhone
		{06F5E6E2-4894-4F55-A1A3-F710E5831C9B}.Release|iPhoneSimulator.ActiveCfg = Release|iPhoneSimulator
		{06F5E6E2-4894-4F55-A1A3-F710E5831C9B}.Release|iPhoneSimulator.Build.0 = Release|iPhoneSimulator
	EndGlobalSection
	GlobalSection(SolutionProperties) = preSolution
		HideSolutionNode = FALSE
	EndGlobalSection
EndGlobal
